// !$*UTF8*$!
{
	archiveVersion = 1;
	classes = {
	};
	objectVersion = 50;
	objects = {

/* Begin PBXBuildFile section */
		624FD9A023F773F40055E8B5 /* AppDelegate.swift in Sources */ = {isa = PBXBuildFile; fileRef = 624FD99F23F773F40055E8B5 /* AppDelegate.swift */; };
		624FD9A223F773F40055E8B5 /* SceneDelegate.swift in Sources */ = {isa = PBXBuildFile; fileRef = 624FD9A123F773F40055E8B5 /* SceneDelegate.swift */; };
		624FD9A423F773F40055E8B5 /* ContentView.swift in Sources */ = {isa = PBXBuildFile; fileRef = 624FD9A323F773F40055E8B5 /* ContentView.swift */; };
		624FD9A623F773F60055E8B5 /* Assets.xcassets in Resources */ = {isa = PBXBuildFile; fileRef = 624FD9A523F773F60055E8B5 /* Assets.xcassets */; };
		624FD9A923F773F60055E8B5 /* Preview Assets.xcassets in Resources */ = {isa = PBXBuildFile; fileRef = 624FD9A823F773F60055E8B5 /* Preview Assets.xcassets */; };
		624FD9AC23F773F60055E8B5 /* LaunchScreen.storyboard in Resources */ = {isa = PBXBuildFile; fileRef = 624FD9AA23F773F60055E8B5 /* LaunchScreen.storyboard */; };
		624FD9B723F773F60055E8B5 /* SwiftUItestTests.swift in Sources */ = {isa = PBXBuildFile; fileRef = 624FD9B623F773F60055E8B5 /* SwiftUItestTests.swift */; };
		624FD9C223F773F70055E8B5 /* SwiftUItestUITests.swift in Sources */ = {isa = PBXBuildFile; fileRef = 624FD9C123F773F70055E8B5 /* SwiftUItestUITests.swift */; };
		62608CAA241C085700A2A686 /* DataLoader.swift in Sources */ = {isa = PBXBuildFile; fileRef = 62608CA9241C085700A2A686 /* DataLoader.swift */; };
		62608CAC241C08B900A2A686 /* UserData.swift in Sources */ = {isa = PBXBuildFile; fileRef = 62608CAB241C08B900A2A686 /* UserData.swift */; };
		62608CAE241C08F300A2A686 /* DataItem.swift in Sources */ = {isa = PBXBuildFile; fileRef = 62608CAD241C08F300A2A686 /* DataItem.swift */; };
		62608CBD241C0C2100A2A686 /* turtlerock.jpg in Resources */ = {isa = PBXBuildFile; fileRef = 62608CB0241C0C2100A2A686 /* turtlerock.jpg */; };
		62608CBE241C0C2100A2A686 /* icybay.jpg in Resources */ = {isa = PBXBuildFile; fileRef = 62608CB1241C0C2100A2A686 /* icybay.jpg */; };
		62608CBF241C0C2100A2A686 /* stmarylake.jpg in Resources */ = {isa = PBXBuildFile; fileRef = 62608CB2241C0C2100A2A686 /* stmarylake.jpg */; };
		62608CC0241C0C2100A2A686 /* chilkoottrail.jpg in Resources */ = {isa = PBXBuildFile; fileRef = 62608CB3241C0C2100A2A686 /* chilkoottrail.jpg */; };
		62608CC1241C0C2100A2A686 /* charleyrivers.jpg in Resources */ = {isa = PBXBuildFile; fileRef = 62608CB4241C0C2100A2A686 /* charleyrivers.jpg */; };
		62608CC2241C0C2100A2A686 /* rainbowlake.jpg in Resources */ = {isa = PBXBuildFile; fileRef = 62608CB5241C0C2100A2A686 /* rainbowlake.jpg */; };
		62608CC3241C0C2100A2A686 /* twinlake.jpg in Resources */ = {isa = PBXBuildFile; fileRef = 62608CB6241C0C2100A2A686 /* twinlake.jpg */; };
		62608CC4241C0C2100A2A686 /* hiddenlake.jpg in Resources */ = {isa = PBXBuildFile; fileRef = 62608CB7241C0C2100A2A686 /* hiddenlake.jpg */; };
		62608CC5241C0C2100A2A686 /* silversalmoncreek.jpg in Resources */ = {isa = PBXBuildFile; fileRef = 62608CB8241C0C2100A2A686 /* silversalmoncreek.jpg */; };
		62608CC6241C0C2100A2A686 /* lakemcdonald.jpg in Resources */ = {isa = PBXBuildFile; fileRef = 62608CB9241C0C2100A2A686 /* lakemcdonald.jpg */; };
		62608CC7241C0C2100A2A686 /* chincoteague.jpg in Resources */ = {isa = PBXBuildFile; fileRef = 62608CBA241C0C2100A2A686 /* chincoteague.jpg */; };
		62608CC8241C0C2100A2A686 /* umbagog.jpg in Resources */ = {isa = PBXBuildFile; fileRef = 62608CBB241C0C2100A2A686 /* umbagog.jpg */; };
		62608CC9241C0C2100A2A686 /* sampleData.json in Resources */ = {isa = PBXBuildFile; fileRef = 62608CBC241C0C2100A2A686 /* sampleData.json */; };
		62608CCB241C0D3700A2A686 /* Profile.swift in Sources */ = {isa = PBXBuildFile; fileRef = 62608CCA241C0D3700A2A686 /* Profile.swift */; };
		62608CCE241C0DC800A2A686 /* FeatureCard.swift in Sources */ = {isa = PBXBuildFile; fileRef = 62608CCD241C0DC800A2A686 /* FeatureCard.swift */; };
		62608CD0241C0EC200A2A686 /* CircleImage.swift in Sources */ = {isa = PBXBuildFile; fileRef = 62608CCF241C0EC200A2A686 /* CircleImage.swift */; };
		62608CD2241C0EFE00A2A686 /* MapView.swift in Sources */ = {isa = PBXBuildFile; fileRef = 62608CD1241C0EFE00A2A686 /* MapView.swift */; };
		62608CD6241C0FBE00A2A686 /* CategoryRow.swift in Sources */ = {isa = PBXBuildFile; fileRef = 62608CD5241C0FBE00A2A686 /* CategoryRow.swift */; };
		62608CD9241C115B00A2A686 /* ItemDetail.swift in Sources */ = {isa = PBXBuildFile; fileRef = 62608CD8241C115B00A2A686 /* ItemDetail.swift */; };
		62608CDB241C145200A2A686 /* CategoryHome.swift in Sources */ = {isa = PBXBuildFile; fileRef = 62608CDA241C145200A2A686 /* CategoryHome.swift */; };
		62608CDE241C1B3F00A2A686 /* ProfileHost.swift in Sources */ = {isa = PBXBuildFile; fileRef = 62608CDD241C1B3F00A2A686 /* ProfileHost.swift */; };
		62608CE0241C205500A2A686 /* ProfileSummary.swift in Sources */ = {isa = PBXBuildFile; fileRef = 62608CDF241C205500A2A686 /* ProfileSummary.swift */; };
		62608CE2241C210C00A2A686 /* ProfileEditor.swift in Sources */ = {isa = PBXBuildFile; fileRef = 62608CE1241C210C00A2A686 /* ProfileEditor.swift */; };
		62608CE6241C458B00A2A686 /* PageView.swift in Sources */ = {isa = PBXBuildFile; fileRef = 62608CE5241C458B00A2A686 /* PageView.swift */; };
		62608CE8241C45AD00A2A686 /* PageControl.swift in Sources */ = {isa = PBXBuildFile; fileRef = 62608CE7241C45AD00A2A686 /* PageControl.swift */; };
		62608CEA241C45D800A2A686 /* PageViewController.swift in Sources */ = {isa = PBXBuildFile; fileRef = 62608CE9241C45D800A2A686 /* PageViewController.swift */; };
		628AE0C5242439CE0013A4BD /* DataFetcher.swift in Sources */ = {isa = PBXBuildFile; fileRef = 628AE0C4242439CE0013A4BD /* DataFetcher.swift */; };
		628AE0C724247D310013A4BD /* WeeklyWeatherViewModel.swift in Sources */ = {isa = PBXBuildFile; fileRef = 628AE0C624247D310013A4BD /* WeeklyWeatherViewModel.swift */; };
		628AE0C92424801F0013A4BD /* DailyWeatherRowViewModel.swift in Sources */ = {isa = PBXBuildFile; fileRef = 628AE0C82424801F0013A4BD /* DailyWeatherRowViewModel.swift */; };
		628AE0CB242483510013A4BD /* WeeklyWeatherView.swift in Sources */ = {isa = PBXBuildFile; fileRef = 628AE0CA242483510013A4BD /* WeeklyWeatherView.swift */; };
		628AE0CF242534BD0013A4BD /* CurrentWeatherViewModel.swift in Sources */ = {isa = PBXBuildFile; fileRef = 628AE0CE242534BD0013A4BD /* CurrentWeatherViewModel.swift */; };
		628AE0D124253DEC0013A4BD /* CurrentWeatherView.swift in Sources */ = {isa = PBXBuildFile; fileRef = 628AE0D024253DEC0013A4BD /* CurrentWeatherView.swift */; };
		629C8E9A23FF3B69008F4D3F /* Models.swift in Sources */ = {isa = PBXBuildFile; fileRef = 629C8E9923FF3B69008F4D3F /* Models.swift */; };
		629C8E9C23FF4057008F4D3F /* OrderForm.swift in Sources */ = {isa = PBXBuildFile; fileRef = 629C8E9B23FF4057008F4D3F /* OrderForm.swift */; };
		629C8E9E23FF42BB008F4D3F /* EggPlacementView.swift in Sources */ = {isa = PBXBuildFile; fileRef = 629C8E9D23FF42BB008F4D3F /* EggPlacementView.swift */; };
		629C8EA023FF9627008F4D3F /* GestureDragView.swift in Sources */ = {isa = PBXBuildFile; fileRef = 629C8E9F23FF9627008F4D3F /* GestureDragView.swift */; };
		629C8EA223FFB793008F4D3F /* OrderHistory.swift in Sources */ = {isa = PBXBuildFile; fileRef = 629C8EA123FFB793008F4D3F /* OrderHistory.swift */; };
		629C8EA423FFB804008F4D3F /* CompleteOrderDetail.swift in Sources */ = {isa = PBXBuildFile; fileRef = 629C8EA323FFB804008F4D3F /* CompleteOrderDetail.swift */; };
		629C8EA623FFB892008F4D3F /* TabedView.swift in Sources */ = {isa = PBXBuildFile; fileRef = 629C8EA523FFB892008F4D3F /* TabedView.swift */; };
		62C4E603242D4C0500BCE535 /* LocationViewModel.swift in Sources */ = {isa = PBXBuildFile; fileRef = 62C4E602242D4C0500BCE535 /* LocationViewModel.swift */; };
		62C4E605242D9AB800BCE535 /* ActivityIndicator.swift in Sources */ = {isa = PBXBuildFile; fileRef = 62C4E604242D9AB800BCE535 /* ActivityIndicator.swift */; };
/* End PBXBuildFile section */

/* Begin PBXContainerItemProxy section */
		624FD9B323F773F60055E8B5 /* PBXContainerItemProxy */ = {
			isa = PBXContainerItemProxy;
			containerPortal = 624FD99423F773F40055E8B5 /* Project object */;
			proxyType = 1;
			remoteGlobalIDString = 624FD99B23F773F40055E8B5;
			remoteInfo = SwiftUItest;
		};
		624FD9BE23F773F70055E8B5 /* PBXContainerItemProxy */ = {
			isa = PBXContainerItemProxy;
			containerPortal = 624FD99423F773F40055E8B5 /* Project object */;
			proxyType = 1;
			remoteGlobalIDString = 624FD99B23F773F40055E8B5;
			remoteInfo = SwiftUItest;
		};
/* End PBXContainerItemProxy section */

/* Begin PBXFileReference section */
		624FD99C23F773F40055E8B5 /* SwiftUItest.app */ = {isa = PBXFileReference; explicitFileType = wrapper.application; includeInIndex = 0; path = SwiftUItest.app; sourceTree = BUILT_PRODUCTS_DIR; };
		624FD99F23F773F40055E8B5 /* AppDelegate.swift */ = {isa = PBXFileReference; lastKnownFileType = sourcecode.swift; path = AppDelegate.swift; sourceTree = "<group>"; };
		624FD9A123F773F40055E8B5 /* SceneDelegate.swift */ = {isa = PBXFileReference; lastKnownFileType = sourcecode.swift; path = SceneDelegate.swift; sourceTree = "<group>"; };
		624FD9A323F773F40055E8B5 /* ContentView.swift */ = {isa = PBXFileReference; lastKnownFileType = sourcecode.swift; path = ContentView.swift; sourceTree = "<group>"; };
		624FD9A523F773F60055E8B5 /* Assets.xcassets */ = {isa = PBXFileReference; lastKnownFileType = folder.assetcatalog; path = Assets.xcassets; sourceTree = "<group>"; };
		624FD9A823F773F60055E8B5 /* Preview Assets.xcassets */ = {isa = PBXFileReference; lastKnownFileType = folder.assetcatalog; path = "Preview Assets.xcassets"; sourceTree = "<group>"; };
		624FD9AB23F773F60055E8B5 /* Base */ = {isa = PBXFileReference; lastKnownFileType = file.storyboard; name = Base; path = Base.lproj/LaunchScreen.storyboard; sourceTree = "<group>"; };
		624FD9AD23F773F60055E8B5 /* Info.plist */ = {isa = PBXFileReference; lastKnownFileType = text.plist.xml; path = Info.plist; sourceTree = "<group>"; };
		624FD9B223F773F60055E8B5 /* SwiftUItestTests.xctest */ = {isa = PBXFileReference; explicitFileType = wrapper.cfbundle; includeInIndex = 0; path = SwiftUItestTests.xctest; sourceTree = BUILT_PRODUCTS_DIR; };
		624FD9B623F773F60055E8B5 /* SwiftUItestTests.swift */ = {isa = PBXFileReference; lastKnownFileType = sourcecode.swift; path = SwiftUItestTests.swift; sourceTree = "<group>"; };
		624FD9B823F773F60055E8B5 /* Info.plist */ = {isa = PBXFileReference; lastKnownFileType = text.plist.xml; path = Info.plist; sourceTree = "<group>"; };
		624FD9BD23F773F70055E8B5 /* SwiftUItestUITests.xctest */ = {isa = PBXFileReference; explicitFileType = wrapper.cfbundle; includeInIndex = 0; path = SwiftUItestUITests.xctest; sourceTree = BUILT_PRODUCTS_DIR; };
		624FD9C123F773F70055E8B5 /* SwiftUItestUITests.swift */ = {isa = PBXFileReference; lastKnownFileType = sourcecode.swift; path = SwiftUItestUITests.swift; sourceTree = "<group>"; };
		624FD9C323F773F70055E8B5 /* Info.plist */ = {isa = PBXFileReference; lastKnownFileType = text.plist.xml; path = Info.plist; sourceTree = "<group>"; };
		62608CA9241C085700A2A686 /* DataLoader.swift */ = {isa = PBXFileReference; lastKnownFileType = sourcecode.swift; path = DataLoader.swift; sourceTree = "<group>"; };
		62608CAB241C08B900A2A686 /* UserData.swift */ = {isa = PBXFileReference; lastKnownFileType = sourcecode.swift; path = UserData.swift; sourceTree = "<group>"; };
		62608CAD241C08F300A2A686 /* DataItem.swift */ = {isa = PBXFileReference; lastKnownFileType = sourcecode.swift; path = DataItem.swift; sourceTree = "<group>"; };
		62608CB0241C0C2100A2A686 /* turtlerock.jpg */ = {isa = PBXFileReference; lastKnownFileType = image.jpeg; path = turtlerock.jpg; sourceTree = "<group>"; };
		62608CB1241C0C2100A2A686 /* icybay.jpg */ = {isa = PBXFileReference; lastKnownFileType = image.jpeg; path = icybay.jpg; sourceTree = "<group>"; };
		62608CB2241C0C2100A2A686 /* stmarylake.jpg */ = {isa = PBXFileReference; lastKnownFileType = image.jpeg; path = stmarylake.jpg; sourceTree = "<group>"; };
		62608CB3241C0C2100A2A686 /* chilkoottrail.jpg */ = {isa = PBXFileReference; lastKnownFileType = image.jpeg; path = chilkoottrail.jpg; sourceTree = "<group>"; };
		62608CB4241C0C2100A2A686 /* charleyrivers.jpg */ = {isa = PBXFileReference; lastKnownFileType = image.jpeg; path = charleyrivers.jpg; sourceTree = "<group>"; };
		62608CB5241C0C2100A2A686 /* rainbowlake.jpg */ = {isa = PBXFileReference; lastKnownFileType = image.jpeg; path = rainbowlake.jpg; sourceTree = "<group>"; };
		62608CB6241C0C2100A2A686 /* twinlake.jpg */ = {isa = PBXFileReference; lastKnownFileType = image.jpeg; path = twinlake.jpg; sourceTree = "<group>"; };
		62608CB7241C0C2100A2A686 /* hiddenlake.jpg */ = {isa = PBXFileReference; lastKnownFileType = image.jpeg; path = hiddenlake.jpg; sourceTree = "<group>"; };
		62608CB8241C0C2100A2A686 /* silversalmoncreek.jpg */ = {isa = PBXFileReference; lastKnownFileType = image.jpeg; path = silversalmoncreek.jpg; sourceTree = "<group>"; };
		62608CB9241C0C2100A2A686 /* lakemcdonald.jpg */ = {isa = PBXFileReference; lastKnownFileType = image.jpeg; path = lakemcdonald.jpg; sourceTree = "<group>"; };
		62608CBA241C0C2100A2A686 /* chincoteague.jpg */ = {isa = PBXFileReference; lastKnownFileType = image.jpeg; path = chincoteague.jpg; sourceTree = "<group>"; };
		62608CBB241C0C2100A2A686 /* umbagog.jpg */ = {isa = PBXFileReference; lastKnownFileType = image.jpeg; path = umbagog.jpg; sourceTree = "<group>"; };
		62608CBC241C0C2100A2A686 /* sampleData.json */ = {isa = PBXFileReference; fileEncoding = 4; lastKnownFileType = text.json; path = sampleData.json; sourceTree = "<group>"; };
		62608CCA241C0D3700A2A686 /* Profile.swift */ = {isa = PBXFileReference; lastKnownFileType = sourcecode.swift; path = Profile.swift; sourceTree = "<group>"; };
		62608CCD241C0DC800A2A686 /* FeatureCard.swift */ = {isa = PBXFileReference; lastKnownFileType = sourcecode.swift; path = FeatureCard.swift; sourceTree = "<group>"; };
		62608CCF241C0EC200A2A686 /* CircleImage.swift */ = {isa = PBXFileReference; lastKnownFileType = sourcecode.swift; path = CircleImage.swift; sourceTree = "<group>"; };
		62608CD1241C0EFE00A2A686 /* MapView.swift */ = {isa = PBXFileReference; lastKnownFileType = sourcecode.swift; path = MapView.swift; sourceTree = "<group>"; };
		62608CD5241C0FBE00A2A686 /* CategoryRow.swift */ = {isa = PBXFileReference; lastKnownFileType = sourcecode.swift; path = CategoryRow.swift; sourceTree = "<group>"; };
		62608CD8241C115B00A2A686 /* ItemDetail.swift */ = {isa = PBXFileReference; lastKnownFileType = sourcecode.swift; path = ItemDetail.swift; sourceTree = "<group>"; };
		62608CDA241C145200A2A686 /* CategoryHome.swift */ = {isa = PBXFileReference; lastKnownFileType = sourcecode.swift; path = CategoryHome.swift; sourceTree = "<group>"; };
		62608CDD241C1B3F00A2A686 /* ProfileHost.swift */ = {isa = PBXFileReference; lastKnownFileType = sourcecode.swift; path = ProfileHost.swift; sourceTree = "<group>"; };
		62608CDF241C205500A2A686 /* ProfileSummary.swift */ = {isa = PBXFileReference; lastKnownFileType = sourcecode.swift; path = ProfileSummary.swift; sourceTree = "<group>"; };
		62608CE1241C210C00A2A686 /* ProfileEditor.swift */ = {isa = PBXFileReference; lastKnownFileType = sourcecode.swift; path = ProfileEditor.swift; sourceTree = "<group>"; };
		62608CE5241C458B00A2A686 /* PageView.swift */ = {isa = PBXFileReference; lastKnownFileType = sourcecode.swift; path = PageView.swift; sourceTree = "<group>"; };
		62608CE7241C45AD00A2A686 /* PageControl.swift */ = {isa = PBXFileReference; lastKnownFileType = sourcecode.swift; path = PageControl.swift; sourceTree = "<group>"; };
		62608CE9241C45D800A2A686 /* PageViewController.swift */ = {isa = PBXFileReference; lastKnownFileType = sourcecode.swift; path = PageViewController.swift; sourceTree = "<group>"; };
		628AE0C4242439CE0013A4BD /* DataFetcher.swift */ = {isa = PBXFileReference; lastKnownFileType = sourcecode.swift; path = DataFetcher.swift; sourceTree = "<group>"; };
		628AE0C624247D310013A4BD /* WeeklyWeatherViewModel.swift */ = {isa = PBXFileReference; lastKnownFileType = sourcecode.swift; path = WeeklyWeatherViewModel.swift; sourceTree = "<group>"; };
		628AE0C82424801F0013A4BD /* DailyWeatherRowViewModel.swift */ = {isa = PBXFileReference; lastKnownFileType = sourcecode.swift; path = DailyWeatherRowViewModel.swift; sourceTree = "<group>"; };
		628AE0CA242483510013A4BD /* WeeklyWeatherView.swift */ = {isa = PBXFileReference; lastKnownFileType = sourcecode.swift; path = WeeklyWeatherView.swift; sourceTree = "<group>"; };
		628AE0CE242534BD0013A4BD /* CurrentWeatherViewModel.swift */ = {isa = PBXFileReference; lastKnownFileType = sourcecode.swift; path = CurrentWeatherViewModel.swift; sourceTree = "<group>"; };
		628AE0D024253DEC0013A4BD /* CurrentWeatherView.swift */ = {isa = PBXFileReference; lastKnownFileType = sourcecode.swift; path = CurrentWeatherView.swift; sourceTree = "<group>"; };
		629C8E9923FF3B69008F4D3F /* Models.swift */ = {isa = PBXFileReference; lastKnownFileType = sourcecode.swift; path = Models.swift; sourceTree = "<group>"; };
		629C8E9B23FF4057008F4D3F /* OrderForm.swift */ = {isa = PBXFileReference; lastKnownFileType = sourcecode.swift; path = OrderForm.swift; sourceTree = "<group>"; };
		629C8E9D23FF42BB008F4D3F /* EggPlacementView.swift */ = {isa = PBXFileReference; lastKnownFileType = sourcecode.swift; path = EggPlacementView.swift; sourceTree = "<group>"; };
		629C8E9F23FF9627008F4D3F /* GestureDragView.swift */ = {isa = PBXFileReference; lastKnownFileType = sourcecode.swift; path = GestureDragView.swift; sourceTree = "<group>"; };
		629C8EA123FFB793008F4D3F /* OrderHistory.swift */ = {isa = PBXFileReference; lastKnownFileType = sourcecode.swift; path = OrderHistory.swift; sourceTree = "<group>"; };
		629C8EA323FFB804008F4D3F /* CompleteOrderDetail.swift */ = {isa = PBXFileReference; lastKnownFileType = sourcecode.swift; path = CompleteOrderDetail.swift; sourceTree = "<group>"; };
		629C8EA523FFB892008F4D3F /* TabedView.swift */ = {isa = PBXFileReference; lastKnownFileType = sourcecode.swift; path = TabedView.swift; sourceTree = "<group>"; };
		62C4E602242D4C0500BCE535 /* LocationViewModel.swift */ = {isa = PBXFileReference; lastKnownFileType = sourcecode.swift; path = LocationViewModel.swift; sourceTree = "<group>"; };
		62C4E604242D9AB800BCE535 /* ActivityIndicator.swift */ = {isa = PBXFileReference; lastKnownFileType = sourcecode.swift; path = ActivityIndicator.swift; sourceTree = "<group>"; };
/* End PBXFileReference section */

/* Begin PBXFrameworksBuildPhase section */
		624FD99923F773F40055E8B5 /* Frameworks */ = {
			isa = PBXFrameworksBuildPhase;
			buildActionMask = 2147483647;
			files = (
			);
			runOnlyForDeploymentPostprocessing = 0;
		};
		624FD9AF23F773F60055E8B5 /* Frameworks */ = {
			isa = PBXFrameworksBuildPhase;
			buildActionMask = 2147483647;
			files = (
			);
			runOnlyForDeploymentPostprocessing = 0;
		};
		624FD9BA23F773F70055E8B5 /* Frameworks */ = {
			isa = PBXFrameworksBuildPhase;
			buildActionMask = 2147483647;
			files = (
			);
			runOnlyForDeploymentPostprocessing = 0;
		};
/* End PBXFrameworksBuildPhase section */

/* Begin PBXGroup section */
		624FD99323F773F40055E8B5 = {
			isa = PBXGroup;
			children = (
				624FD99E23F773F40055E8B5 /* SwiftUItest */,
				624FD9B523F773F60055E8B5 /* SwiftUItestTests */,
				624FD9C023F773F70055E8B5 /* SwiftUItestUITests */,
				624FD99D23F773F40055E8B5 /* Products */,
			);
			sourceTree = "<group>";
		};
		624FD99D23F773F40055E8B5 /* Products */ = {
			isa = PBXGroup;
			children = (
				624FD99C23F773F40055E8B5 /* SwiftUItest.app */,
				624FD9B223F773F60055E8B5 /* SwiftUItestTests.xctest */,
				624FD9BD23F773F70055E8B5 /* SwiftUItestUITests.xctest */,
			);
			name = Products;
			sourceTree = "<group>";
		};
		624FD99E23F773F40055E8B5 /* SwiftUItest */ = {
			isa = PBXGroup;
			children = (
				62C4E601242D4BC500BCE535 /* Location */,
				628AE0C32424393B0013A4BD /* Networking */,
				62608CDC241C180500A2A686 /* Profile */,
				62608CD7241C114300A2A686 /* ListView */,
				62608CD4241C0F6E00A2A686 /* Home */,
				62608CCC241C0D9700A2A686 /* SupportingViews */,
				62608CAF241C0BED00A2A686 /* Resources */,
				62608CA8241C06DC00A2A686 /* Models */,
				624FD99F23F773F40055E8B5 /* AppDelegate.swift */,
				624FD9A123F773F40055E8B5 /* SceneDelegate.swift */,
				624FD9A323F773F40055E8B5 /* ContentView.swift */,
				629C8E9F23FF9627008F4D3F /* GestureDragView.swift */,
				629C8E9B23FF4057008F4D3F /* OrderForm.swift */,
				629C8EA123FFB793008F4D3F /* OrderHistory.swift */,
				629C8EA523FFB892008F4D3F /* TabedView.swift */,
				629C8EA323FFB804008F4D3F /* CompleteOrderDetail.swift */,
				629C8E9D23FF42BB008F4D3F /* EggPlacementView.swift */,
				624FD9A523F773F60055E8B5 /* Assets.xcassets */,
				624FD9AA23F773F60055E8B5 /* LaunchScreen.storyboard */,
				624FD9AD23F773F60055E8B5 /* Info.plist */,
				624FD9A723F773F60055E8B5 /* Preview Content */,
			);
			path = SwiftUItest;
			sourceTree = "<group>";
		};
		624FD9A723F773F60055E8B5 /* Preview Content */ = {
			isa = PBXGroup;
			children = (
				624FD9A823F773F60055E8B5 /* Preview Assets.xcassets */,
			);
			path = "Preview Content";
			sourceTree = "<group>";
		};
		624FD9B523F773F60055E8B5 /* SwiftUItestTests */ = {
			isa = PBXGroup;
			children = (
				624FD9B623F773F60055E8B5 /* SwiftUItestTests.swift */,
				624FD9B823F773F60055E8B5 /* Info.plist */,
			);
			path = SwiftUItestTests;
			sourceTree = "<group>";
		};
		624FD9C023F773F70055E8B5 /* SwiftUItestUITests */ = {
			isa = PBXGroup;
			children = (
				624FD9C123F773F70055E8B5 /* SwiftUItestUITests.swift */,
				624FD9C323F773F70055E8B5 /* Info.plist */,
			);
			path = SwiftUItestUITests;
			sourceTree = "<group>";
		};
		62608CA8241C06DC00A2A686 /* Models */ = {
			isa = PBXGroup;
			children = (
				629C8E9923FF3B69008F4D3F /* Models.swift */,
				62608CA9241C085700A2A686 /* DataLoader.swift */,
				62608CAB241C08B900A2A686 /* UserData.swift */,
				62608CAD241C08F300A2A686 /* DataItem.swift */,
				62608CCA241C0D3700A2A686 /* Profile.swift */,
			);
			name = Models;
			sourceTree = "<group>";
		};
		62608CAF241C0BED00A2A686 /* Resources */ = {
			isa = PBXGroup;
			children = (
				62608CB4241C0C2100A2A686 /* charleyrivers.jpg */,
				62608CB3241C0C2100A2A686 /* chilkoottrail.jpg */,
				62608CBA241C0C2100A2A686 /* chincoteague.jpg */,
				62608CB7241C0C2100A2A686 /* hiddenlake.jpg */,
				62608CB1241C0C2100A2A686 /* icybay.jpg */,
				62608CB9241C0C2100A2A686 /* lakemcdonald.jpg */,
				62608CBC241C0C2100A2A686 /* sampleData.json */,
				62608CB5241C0C2100A2A686 /* rainbowlake.jpg */,
				62608CB8241C0C2100A2A686 /* silversalmoncreek.jpg */,
				62608CB2241C0C2100A2A686 /* stmarylake.jpg */,
				62608CB0241C0C2100A2A686 /* turtlerock.jpg */,
				62608CB6241C0C2100A2A686 /* twinlake.jpg */,
				62608CBB241C0C2100A2A686 /* umbagog.jpg */,
			);
			path = Resources;
			sourceTree = "<group>";
		};
		62608CCC241C0D9700A2A686 /* SupportingViews */ = {
			isa = PBXGroup;
			children = (
				62608CCD241C0DC800A2A686 /* FeatureCard.swift */,
				62608CCF241C0EC200A2A686 /* CircleImage.swift */,
				62608CD1241C0EFE00A2A686 /* MapView.swift */,
				62608CE5241C458B00A2A686 /* PageView.swift */,
				62608CE7241C45AD00A2A686 /* PageControl.swift */,
				62608CE9241C45D800A2A686 /* PageViewController.swift */,
				62C4E604242D9AB800BCE535 /* ActivityIndicator.swift */,
			);
			path = SupportingViews;
			sourceTree = "<group>";
		};
		62608CD4241C0F6E00A2A686 /* Home */ = {
			isa = PBXGroup;
			children = (
				62608CD5241C0FBE00A2A686 /* CategoryRow.swift */,
				62608CDA241C145200A2A686 /* CategoryHome.swift */,
			);
			path = Home;
			sourceTree = "<group>";
		};
		62608CD7241C114300A2A686 /* ListView */ = {
			isa = PBXGroup;
			children = (
				62608CD8241C115B00A2A686 /* ItemDetail.swift */,
			);
			path = ListView;
			sourceTree = "<group>";
		};
		62608CDC241C180500A2A686 /* Profile */ = {
			isa = PBXGroup;
			children = (
				62608CDD241C1B3F00A2A686 /* ProfileHost.swift */,
				62608CDF241C205500A2A686 /* ProfileSummary.swift */,
				62608CE1241C210C00A2A686 /* ProfileEditor.swift */,
			);
			path = Profile;
			sourceTree = "<group>";
		};
		628AE0C32424393B0013A4BD /* Networking */ = {
			isa = PBXGroup;
			children = (
				628AE0C4242439CE0013A4BD /* DataFetcher.swift */,
				628AE0C624247D310013A4BD /* WeeklyWeatherViewModel.swift */,
				628AE0C82424801F0013A4BD /* DailyWeatherRowViewModel.swift */,
				628AE0CA242483510013A4BD /* WeeklyWeatherView.swift */,
				628AE0CE242534BD0013A4BD /* CurrentWeatherViewModel.swift */,
				628AE0D024253DEC0013A4BD /* CurrentWeatherView.swift */,
			);
			path = Networking;
			sourceTree = "<group>";
		};
		62C4E601242D4BC500BCE535 /* Location */ = {
			isa = PBXGroup;
			children = (
				62C4E602242D4C0500BCE535 /* LocationViewModel.swift */,
			);
			path = Location;
			sourceTree = "<group>";
		};
/* End PBXGroup section */

/* Begin PBXNativeTarget section */
		624FD99B23F773F40055E8B5 /* SwiftUItest */ = {
			isa = PBXNativeTarget;
			buildConfigurationList = 624FD9C623F773F70055E8B5 /* Build configuration list for PBXNativeTarget "SwiftUItest" */;
			buildPhases = (
				624FD99823F773F40055E8B5 /* Sources */,
				624FD99923F773F40055E8B5 /* Frameworks */,
				624FD99A23F773F40055E8B5 /* Resources */,
			);
			buildRules = (
			);
			dependencies = (
			);
			name = SwiftUItest;
			productName = SwiftUItest;
			productReference = 624FD99C23F773F40055E8B5 /* SwiftUItest.app */;
			productType = "com.apple.product-type.application";
		};
		624FD9B123F773F60055E8B5 /* SwiftUItestTests */ = {
			isa = PBXNativeTarget;
			buildConfigurationList = 624FD9C923F773F70055E8B5 /* Build configuration list for PBXNativeTarget "SwiftUItestTests" */;
			buildPhases = (
				624FD9AE23F773F60055E8B5 /* Sources */,
				624FD9AF23F773F60055E8B5 /* Frameworks */,
				624FD9B023F773F60055E8B5 /* Resources */,
			);
			buildRules = (
			);
			dependencies = (
				624FD9B423F773F60055E8B5 /* PBXTargetDependency */,
			);
			name = SwiftUItestTests;
			productName = SwiftUItestTests;
			productReference = 624FD9B223F773F60055E8B5 /* SwiftUItestTests.xctest */;
			productType = "com.apple.product-type.bundle.unit-test";
		};
		624FD9BC23F773F70055E8B5 /* SwiftUItestUITests */ = {
			isa = PBXNativeTarget;
			buildConfigurationList = 624FD9CC23F773F70055E8B5 /* Build configuration list for PBXNativeTarget "SwiftUItestUITests" */;
			buildPhases = (
				624FD9B923F773F70055E8B5 /* Sources */,
				624FD9BA23F773F70055E8B5 /* Frameworks */,
				624FD9BB23F773F70055E8B5 /* Resources */,
			);
			buildRules = (
			);
			dependencies = (
				624FD9BF23F773F70055E8B5 /* PBXTargetDependency */,
			);
			name = SwiftUItestUITests;
			productName = SwiftUItestUITests;
			productReference = 624FD9BD23F773F70055E8B5 /* SwiftUItestUITests.xctest */;
			productType = "com.apple.product-type.bundle.ui-testing";
		};
/* End PBXNativeTarget section */

/* Begin PBXProject section */
		624FD99423F773F40055E8B5 /* Project object */ = {
			isa = PBXProject;
			attributes = {
				LastSwiftUpdateCheck = 1130;
				LastUpgradeCheck = 1130;
				ORGANIZATIONNAME = CMPE277;
				TargetAttributes = {
					624FD99B23F773F40055E8B5 = {
						CreatedOnToolsVersion = 11.3.1;
					};
					624FD9B123F773F60055E8B5 = {
						CreatedOnToolsVersion = 11.3.1;
						TestTargetID = 624FD99B23F773F40055E8B5;
					};
					624FD9BC23F773F70055E8B5 = {
						CreatedOnToolsVersion = 11.3.1;
						TestTargetID = 624FD99B23F773F40055E8B5;
					};
				};
			};
			buildConfigurationList = 624FD99723F773F40055E8B5 /* Build configuration list for PBXProject "SwiftUItest" */;
			compatibilityVersion = "Xcode 9.3";
			developmentRegion = en;
			hasScannedForEncodings = 0;
			knownRegions = (
				en,
				Base,
			);
			mainGroup = 624FD99323F773F40055E8B5;
			productRefGroup = 624FD99D23F773F40055E8B5 /* Products */;
			projectDirPath = "";
			projectRoot = "";
			targets = (
				624FD99B23F773F40055E8B5 /* SwiftUItest */,
				624FD9B123F773F60055E8B5 /* SwiftUItestTests */,
				624FD9BC23F773F70055E8B5 /* SwiftUItestUITests */,
			);
		};
/* End PBXProject section */

/* Begin PBXResourcesBuildPhase section */
		624FD99A23F773F40055E8B5 /* Resources */ = {
			isa = PBXResourcesBuildPhase;
			buildActionMask = 2147483647;
			files = (
				62608CBF241C0C2100A2A686 /* stmarylake.jpg in Resources */,
				62608CBD241C0C2100A2A686 /* turtlerock.jpg in Resources */,
				62608CC0241C0C2100A2A686 /* chilkoottrail.jpg in Resources */,
				62608CC6241C0C2100A2A686 /* lakemcdonald.jpg in Resources */,
				62608CC1241C0C2100A2A686 /* charleyrivers.jpg in Resources */,
				624FD9AC23F773F60055E8B5 /* LaunchScreen.storyboard in Resources */,
				62608CC4241C0C2100A2A686 /* hiddenlake.jpg in Resources */,
				624FD9A923F773F60055E8B5 /* Preview Assets.xcassets in Resources */,
				62608CC3241C0C2100A2A686 /* twinlake.jpg in Resources */,
				62608CC8241C0C2100A2A686 /* umbagog.jpg in Resources */,
				62608CBE241C0C2100A2A686 /* icybay.jpg in Resources */,
				62608CC7241C0C2100A2A686 /* chincoteague.jpg in Resources */,
				62608CC5241C0C2100A2A686 /* silversalmoncreek.jpg in Resources */,
				62608CC9241C0C2100A2A686 /* sampleData.json in Resources */,
				62608CC2241C0C2100A2A686 /* rainbowlake.jpg in Resources */,
				624FD9A623F773F60055E8B5 /* Assets.xcassets in Resources */,
			);
			runOnlyForDeploymentPostprocessing = 0;
		};
		624FD9B023F773F60055E8B5 /* Resources */ = {
			isa = PBXResourcesBuildPhase;
			buildActionMask = 2147483647;
			files = (
			);
			runOnlyForDeploymentPostprocessing = 0;
		};
		624FD9BB23F773F70055E8B5 /* Resources */ = {
			isa = PBXResourcesBuildPhase;
			buildActionMask = 2147483647;
			files = (
			);
			runOnlyForDeploymentPostprocessing = 0;
		};
/* End PBXResourcesBuildPhase section */

/* Begin PBXSourcesBuildPhase section */
		624FD99823F773F40055E8B5 /* Sources */ = {
			isa = PBXSourcesBuildPhase;
			buildActionMask = 2147483647;
			files = (
				62608CAA241C085700A2A686 /* DataLoader.swift in Sources */,
				628AE0D124253DEC0013A4BD /* CurrentWeatherView.swift in Sources */,
				62608CE6241C458B00A2A686 /* PageView.swift in Sources */,
				62608CD0241C0EC200A2A686 /* CircleImage.swift in Sources */,
				62608CDB241C145200A2A686 /* CategoryHome.swift in Sources */,
				629C8E9E23FF42BB008F4D3F /* EggPlacementView.swift in Sources */,
				629C8E9C23FF4057008F4D3F /* OrderForm.swift in Sources */,
				62608CCB241C0D3700A2A686 /* Profile.swift in Sources */,
				62608CCE241C0DC800A2A686 /* FeatureCard.swift in Sources */,
				624FD9A023F773F40055E8B5 /* AppDelegate.swift in Sources */,
				62608CAE241C08F300A2A686 /* DataItem.swift in Sources */,
				628AE0CB242483510013A4BD /* WeeklyWeatherView.swift in Sources */,
				62608CDE241C1B3F00A2A686 /* ProfileHost.swift in Sources */,
				62608CE0241C205500A2A686 /* ProfileSummary.swift in Sources */,
				62608CD9241C115B00A2A686 /* ItemDetail.swift in Sources */,
				629C8EA223FFB793008F4D3F /* OrderHistory.swift in Sources */,
				62C4E605242D9AB800BCE535 /* ActivityIndicator.swift in Sources */,
				62C4E603242D4C0500BCE535 /* LocationViewModel.swift in Sources */,
				62608CD2241C0EFE00A2A686 /* MapView.swift in Sources */,
				628AE0C5242439CE0013A4BD /* DataFetcher.swift in Sources */,
				624FD9A223F773F40055E8B5 /* SceneDelegate.swift in Sources */,
				628AE0C92424801F0013A4BD /* DailyWeatherRowViewModel.swift in Sources */,
				62608CAC241C08B900A2A686 /* UserData.swift in Sources */,
				629C8EA623FFB892008F4D3F /* TabedView.swift in Sources */,
				629C8EA423FFB804008F4D3F /* CompleteOrderDetail.swift in Sources */,
				624FD9A423F773F40055E8B5 /* ContentView.swift in Sources */,
				62608CE8241C45AD00A2A686 /* PageControl.swift in Sources */,
				62608CE2241C210C00A2A686 /* ProfileEditor.swift in Sources */,
				628AE0CF242534BD0013A4BD /* CurrentWeatherViewModel.swift in Sources */,
				629C8E9A23FF3B69008F4D3F /* Models.swift in Sources */,
				628AE0C724247D310013A4BD /* WeeklyWeatherViewModel.swift in Sources */,
				62608CEA241C45D800A2A686 /* PageViewController.swift in Sources */,
				62608CD6241C0FBE00A2A686 /* CategoryRow.swift in Sources */,
				629C8EA023FF9627008F4D3F /* GestureDragView.swift in Sources */,
			);
			runOnlyForDeploymentPostprocessing = 0;
		};
		624FD9AE23F773F60055E8B5 /* Sources */ = {
			isa = PBXSourcesBuildPhase;
			buildActionMask = 2147483647;
			files = (
				624FD9B723F773F60055E8B5 /* SwiftUItestTests.swift in Sources */,
			);
			runOnlyForDeploymentPostprocessing = 0;
		};
		624FD9B923F773F70055E8B5 /* Sources */ = {
			isa = PBXSourcesBuildPhase;
			buildActionMask = 2147483647;
			files = (
				624FD9C223F773F70055E8B5 /* SwiftUItestUITests.swift in Sources */,
			);
			runOnlyForDeploymentPostprocessing = 0;
		};
/* End PBXSourcesBuildPhase section */

/* Begin PBXTargetDependency section */
		624FD9B423F773F60055E8B5 /* PBXTargetDependency */ = {
			isa = PBXTargetDependency;
			target = 624FD99B23F773F40055E8B5 /* SwiftUItest */;
			targetProxy = 624FD9B323F773F60055E8B5 /* PBXContainerItemProxy */;
		};
		624FD9BF23F773F70055E8B5 /* PBXTargetDependency */ = {
			isa = PBXTargetDependency;
			target = 624FD99B23F773F40055E8B5 /* SwiftUItest */;
			targetProxy = 624FD9BE23F773F70055E8B5 /* PBXContainerItemProxy */;
		};
/* End PBXTargetDependency section */

/* Begin PBXVariantGroup section */
		624FD9AA23F773F60055E8B5 /* LaunchScreen.storyboard */ = {
			isa = PBXVariantGroup;
			children = (
				624FD9AB23F773F60055E8B5 /* Base */,
			);
			name = LaunchScreen.storyboard;
			sourceTree = "<group>";
		};
/* End PBXVariantGroup section */

/* Begin XCBuildConfiguration section */
		624FD9C423F773F70055E8B5 /* Debug */ = {
			isa = XCBuildConfiguration;
			buildSettings = {
				ALWAYS_SEARCH_USER_PATHS = NO;
				CLANG_ANALYZER_NONNULL = YES;
				CLANG_ANALYZER_NUMBER_OBJECT_CONVERSION = YES_AGGRESSIVE;
				CLANG_CXX_LANGUAGE_STANDARD = "gnu++14";
				CLANG_CXX_LIBRARY = "libc++";
				CLANG_ENABLE_MODULES = YES;
				CLANG_ENABLE_OBJC_ARC = YES;
				CLANG_ENABLE_OBJC_WEAK = YES;
				CLANG_WARN_BLOCK_CAPTURE_AUTORELEASING = YES;
				CLANG_WARN_BOOL_CONVERSION = YES;
				CLANG_WARN_COMMA = YES;
				CLANG_WARN_CONSTANT_CONVERSION = YES;
				CLANG_WARN_DEPRECATED_OBJC_IMPLEMENTATIONS = YES;
				CLANG_WARN_DIRECT_OBJC_ISA_USAGE = YES_ERROR;
				CLANG_WARN_DOCUMENTATION_COMMENTS = YES;
				CLANG_WARN_EMPTY_BODY = YES;
				CLANG_WARN_ENUM_CONVERSION = YES;
				CLANG_WARN_INFINITE_RECURSION = YES;
				CLANG_WARN_INT_CONVERSION = YES;
				CLANG_WARN_NON_LITERAL_NULL_CONVERSION = YES;
				CLANG_WARN_OBJC_IMPLICIT_RETAIN_SELF = YES;
				CLANG_WARN_OBJC_LITERAL_CONVERSION = YES;
				CLANG_WARN_OBJC_ROOT_CLASS = YES_ERROR;
				CLANG_WARN_RANGE_LOOP_ANALYSIS = YES;
				CLANG_WARN_STRICT_PROTOTYPES = YES;
				CLANG_WARN_SUSPICIOUS_MOVE = YES;
				CLANG_WARN_UNGUARDED_AVAILABILITY = YES_AGGRESSIVE;
				CLANG_WARN_UNREACHABLE_CODE = YES;
				CLANG_WARN__DUPLICATE_METHOD_MATCH = YES;
				COPY_PHASE_STRIP = NO;
				DEBUG_INFORMATION_FORMAT = dwarf;
				ENABLE_STRICT_OBJC_MSGSEND = YES;
				ENABLE_TESTABILITY = YES;
				GCC_C_LANGUAGE_STANDARD = gnu11;
				GCC_DYNAMIC_NO_PIC = NO;
				GCC_NO_COMMON_BLOCKS = YES;
				GCC_OPTIMIZATION_LEVEL = 0;
				GCC_PREPROCESSOR_DEFINITIONS = (
					"DEBUG=1",
					"$(inherited)",
				);
				GCC_WARN_64_TO_32_BIT_CONVERSION = YES;
				GCC_WARN_ABOUT_RETURN_TYPE = YES_ERROR;
				GCC_WARN_UNDECLARED_SELECTOR = YES;
				GCC_WARN_UNINITIALIZED_AUTOS = YES_AGGRESSIVE;
				GCC_WARN_UNUSED_FUNCTION = YES;
				GCC_WARN_UNUSED_VARIABLE = YES;
				IPHONEOS_DEPLOYMENT_TARGET = 13.2;
				MTL_ENABLE_DEBUG_INFO = INCLUDE_SOURCE;
				MTL_FAST_MATH = YES;
				ONLY_ACTIVE_ARCH = YES;
				SDKROOT = iphoneos;
				SWIFT_ACTIVE_COMPILATION_CONDITIONS = DEBUG;
				SWIFT_OPTIMIZATION_LEVEL = "-Onone";
			};
			name = Debug;
		};
		624FD9C523F773F70055E8B5 /* Release */ = {
			isa = XCBuildConfiguration;
			buildSettings = {
				ALWAYS_SEARCH_USER_PATHS = NO;
				CLANG_ANALYZER_NONNULL = YES;
				CLANG_ANALYZER_NUMBER_OBJECT_CONVERSION = YES_AGGRESSIVE;
				CLANG_CXX_LANGUAGE_STANDARD = "gnu++14";
				CLANG_CXX_LIBRARY = "libc++";
				CLANG_ENABLE_MODULES = YES;
				CLANG_ENABLE_OBJC_ARC = YES;
				CLANG_ENABLE_OBJC_WEAK = YES;
				CLANG_WARN_BLOCK_CAPTURE_AUTORELEASING = YES;
				CLANG_WARN_BOOL_CONVERSION = YES;
				CLANG_WARN_COMMA = YES;
				CLANG_WARN_CONSTANT_CONVERSION = YES;
				CLANG_WARN_DEPRECATED_OBJC_IMPLEMENTATIONS = YES;
				CLANG_WARN_DIRECT_OBJC_ISA_USAGE = YES_ERROR;
				CLANG_WARN_DOCUMENTATION_COMMENTS = YES;
				CLANG_WARN_EMPTY_BODY = YES;
				CLANG_WARN_ENUM_CONVERSION = YES;
				CLANG_WARN_INFINITE_RECURSION = YES;
				CLANG_WARN_INT_CONVERSION = YES;
				CLANG_WARN_NON_LITERAL_NULL_CONVERSION = YES;
				CLANG_WARN_OBJC_IMPLICIT_RETAIN_SELF = YES;
				CLANG_WARN_OBJC_LITERAL_CONVERSION = YES;
				CLANG_WARN_OBJC_ROOT_CLASS = YES_ERROR;
				CLANG_WARN_RANGE_LOOP_ANALYSIS = YES;
				CLANG_WARN_STRICT_PROTOTYPES = YES;
				CLANG_WARN_SUSPICIOUS_MOVE = YES;
				CLANG_WARN_UNGUARDED_AVAILABILITY = YES_AGGRESSIVE;
				CLANG_WARN_UNREACHABLE_CODE = YES;
				CLANG_WARN__DUPLICATE_METHOD_MATCH = YES;
				COPY_PHASE_STRIP = NO;
				DEBUG_INFORMATION_FORMAT = "dwarf-with-dsym";
				ENABLE_NS_ASSERTIONS = NO;
				ENABLE_STRICT_OBJC_MSGSEND = YES;
				GCC_C_LANGUAGE_STANDARD = gnu11;
				GCC_NO_COMMON_BLOCKS = YES;
				GCC_WARN_64_TO_32_BIT_CONVERSION = YES;
				GCC_WARN_ABOUT_RETURN_TYPE = YES_ERROR;
				GCC_WARN_UNDECLARED_SELECTOR = YES;
				GCC_WARN_UNINITIALIZED_AUTOS = YES_AGGRESSIVE;
				GCC_WARN_UNUSED_FUNCTION = YES;
				GCC_WARN_UNUSED_VARIABLE = YES;
				IPHONEOS_DEPLOYMENT_TARGET = 13.2;
				MTL_ENABLE_DEBUG_INFO = NO;
				MTL_FAST_MATH = YES;
				SDKROOT = iphoneos;
				SWIFT_COMPILATION_MODE = wholemodule;
				SWIFT_OPTIMIZATION_LEVEL = "-O";
				VALIDATE_PRODUCT = YES;
			};
			name = Release;
		};
		624FD9C723F773F70055E8B5 /* Debug */ = {
			isa = XCBuildConfiguration;
			buildSettings = {
				ASSETCATALOG_COMPILER_APPICON_NAME = AppIcon;
				CODE_SIGN_STYLE = Automatic;
				DEVELOPMENT_ASSET_PATHS = "\"SwiftUItest/Preview Content\"";
				ENABLE_PREVIEWS = YES;
				INFOPLIST_FILE = SwiftUItest/Info.plist;
				LD_RUNPATH_SEARCH_PATHS = (
					"$(inherited)",
					"@executable_path/Frameworks",
				);
				PRODUCT_BUNDLE_IDENTIFIER = SJSU.CMPE277.SwiftUItest;
				PRODUCT_NAME = "$(TARGET_NAME)";
				SWIFT_VERSION = 5.0;
				TARGETED_DEVICE_FAMILY = "1,2";
			};
			name = Debug;
		};
		624FD9C823F773F70055E8B5 /* Release */ = {
			isa = XCBuildConfiguration;
			buildSettings = {
				ASSETCATALOG_COMPILER_APPICON_NAME = AppIcon;
				CODE_SIGN_STYLE = Automatic;
				DEVELOPMENT_ASSET_PATHS = "\"SwiftUItest/Preview Content\"";
				ENABLE_PREVIEWS = YES;
				INFOPLIST_FILE = SwiftUItest/Info.plist;
				LD_RUNPATH_SEARCH_PATHS = (
					"$(inherited)",
					"@executable_path/Frameworks",
				);
				PRODUCT_BUNDLE_IDENTIFIER = SJSU.CMPE277.SwiftUItest;
				PRODUCT_NAME = "$(TARGET_NAME)";
				SWIFT_VERSION = 5.0;
				TARGETED_DEVICE_FAMILY = "1,2";
			};
			name = Release;
		};
		624FD9CA23F773F70055E8B5 /* Debug */ = {
			isa = XCBuildConfiguration;
			buildSettings = {
				ALWAYS_EMBED_SWIFT_STANDARD_LIBRARIES = YES;
				BUNDLE_LOADER = "$(TEST_HOST)";
				CODE_SIGN_STYLE = Automatic;
				INFOPLIST_FILE = SwiftUItestTests/Info.plist;
				IPHONEOS_DEPLOYMENT_TARGET = 13.2;
				LD_RUNPATH_SEARCH_PATHS = (
					"$(inherited)",
					"@executable_path/Frameworks",
					"@loader_path/Frameworks",
				);
				PRODUCT_BUNDLE_IDENTIFIER = SJSU.CMPE277.SwiftUItestTests;
				PRODUCT_NAME = "$(TARGET_NAME)";
				SWIFT_VERSION = 5.0;
				TARGETED_DEVICE_FAMILY = "1,2";
				TEST_HOST = "$(BUILT_PRODUCTS_DIR)/SwiftUItest.app/SwiftUItest";
			};
			name = Debug;
		};
		624FD9CB23F773F70055E8B5 /* Release */ = {
			isa = XCBuildConfiguration;
			buildSettings = {
				ALWAYS_EMBED_SWIFT_STANDARD_LIBRARIES = YES;
				BUNDLE_LOADER = "$(TEST_HOST)";
				CODE_SIGN_STYLE = Automatic;
				INFOPLIST_FILE = SwiftUItestTests/Info.plist;
				IPHONEOS_DEPLOYMENT_TARGET = 13.2;
				LD_RUNPATH_SEARCH_PATHS = (
					"$(inherited)",
					"@executable_path/Frameworks",
					"@loader_path/Frameworks",
				);
				PRODUCT_BUNDLE_IDENTIFIER = SJSU.CMPE277.SwiftUItestTests;
				PRODUCT_NAME = "$(TARGET_NAME)";
				SWIFT_VERSION = 5.0;
				TARGETED_DEVICE_FAMILY = "1,2";
				TEST_HOST = "$(BUILT_PRODUCTS_DIR)/SwiftUItest.app/SwiftUItest";
			};
			name = Release;
		};
		624FD9CD23F773F70055E8B5 /* Debug */ = {
			isa = XCBuildConfiguration;
			buildSettings = {
				ALWAYS_EMBED_SWIFT_STANDARD_LIBRARIES = YES;
				CODE_SIGN_STYLE = Automatic;
				INFOPLIST_FILE = SwiftUItestUITests/Info.plist;
				LD_RUNPATH_SEARCH_PATHS = (
					"$(inherited)",
					"@executable_path/Frameworks",
					"@loader_path/Frameworks",
				);
				PRODUCT_BUNDLE_IDENTIFIER = SJSU.CMPE277.SwiftUItestUITests;
				PRODUCT_NAME = "$(TARGET_NAME)";
				SWIFT_VERSION = 5.0;
				TARGETED_DEVICE_FAMILY = "1,2";
				TEST_TARGET_NAME = SwiftUItest;
			};
			name = Debug;
		};
		624FD9CE23F773F70055E8B5 /* Release */ = {
			isa = XCBuildConfiguration;
			buildSettings = {
				ALWAYS_EMBED_SWIFT_STANDARD_LIBRARIES = YES;
				CODE_SIGN_STYLE = Automatic;
				INFOPLIST_FILE = SwiftUItestUITests/Info.plist;
				LD_RUNPATH_SEARCH_PATHS = (
					"$(inherited)",
					"@executable_path/Frameworks",
					"@loader_path/Frameworks",
				);
				PRODUCT_BUNDLE_IDENTIFIER = SJSU.CMPE277.SwiftUItestUITests;
				PRODUCT_NAME = "$(TARGET_NAME)";
				SWIFT_VERSION = 5.0;
				TARGETED_DEVICE_FAMILY = "1,2";
				TEST_TARGET_NAME = SwiftUItest;
			};
			name = Release;
		};
/* End XCBuildConfiguration section */

/* Begin XCConfigurationList section */
		624FD99723F773F40055E8B5 /* Build configuration list for PBXProject "SwiftUItest" */ = {
			isa = XCConfigurationList;
			buildConfigurations = (
				624FD9C423F773F70055E8B5 /* Debug */,
				624FD9C523F773F70055E8B5 /* Release */,
			);
			defaultConfigurationIsVisible = 0;
			defaultConfigurationName = Release;
		};
		624FD9C623F773F70055E8B5 /* Build configuration list for PBXNativeTarget "SwiftUItest" */ = {
			isa = XCConfigurationList;
			buildConfigurations = (
				624FD9C723F773F70055E8B5 /* Debug */,
				624FD9C823F773F70055E8B5 /* Release */,
			);
			defaultConfigurationIsVisible = 0;
			defaultConfigurationName = Release;
		};
		624FD9C923F773F70055E8B5 /* Build configuration list for PBXNativeTarget "SwiftUItestTests" */ = {
			isa = XCConfigurationList;
			buildConfigurations = (
				624FD9CA23F773F70055E8B5 /* Debug */,
				624FD9CB23F773F70055E8B5 /* Release */,
			);
			defaultConfigurationIsVisible = 0;
			defaultConfigurationName = Release;
		};
		624FD9CC23F773F70055E8B5 /* Build configuration list for PBXNativeTarget "SwiftUItestUITests" */ = {
			isa = XCConfigurationList;
			buildConfigurations = (
				624FD9CD23F773F70055E8B5 /* Debug */,
				624FD9CE23F773F70055E8B5 /* Release */,
			);
			defaultConfigurationIsVisible = 0;
			defaultConfigurationName = Release;
		};
/* End XCConfigurationList section */
	};
	rootObject = 624FD99423F773F40055E8B5 /* Project object */;
}
